
Microsoft Visual Studio Solution File, Format Version 12.00
# Visual Studio Version 16
VisualStudioVersion = 16.0.30320.27
MinimumVisualStudioVersion = 10.0.40219.1
Project("{FAE04EC0-301F-11D3-BF4B-00C04F79EFBC}") = "MoabDashboard", "MoabDashboard.csproj", "{58222234-8A64-4E2A-8805-1D0F228829BA}"
EndProject
Global
	GlobalSection(SolutionConfigurationPlatforms) = preSolution
		Debug|Any CPU = Debug|Any CPU
		Release|Any CPU = Release|Any CPU
	EndGlobalSection
	GlobalSection(ProjectConfigurationPlatforms) = postSolution
		{58222234-8A64-4E2A-8805-1D0F228829BA}.Debug|Any CPU.ActiveCfg = Debug|Any CPU
		{58222234-8A64-4E2A-8805-1D0F228829BA}.Debug|Any CPU.Build.0 = Debug|Any CPU
		{58222234-8A64-4E2A-8805-1D0F228829BA}.Release|Any CPU.ActiveCfg = Release|Any CPU
		{58222234-8A64-4E2A-8805-1D0F228829BA}.Release|Any CPU.Build.0 = Release|Any CPU
	EndGlobalSection
	GlobalSection(SolutionProperties) = preSolution
		HideSolutionNode = FALSE
	EndGlobalSection
	GlobalSection(ExtensibilityGlobals) = postSolution
		SolutionGuid = {90BC7C16-7DD4-41A0-AA1C-F6B1DCD539D8}
	EndGlobalSection
EndGlobal
